
Microsoft Visual Studio Solution File, Format Version 12.00
# Visual Studio Version 17
VisualStudioVersion = 17.0.31903.59
MinimumVisualStudioVersion = 10.0.40219.1
Project("{FAE04EC0-301F-11D3-BF4B-00C04F79EFBC}") = "CatApi.Api", "CatApi.Api\CatApi.Api.csproj", "{B9ED6E24-535C-4CE1-AA8C-C71CAAD712C0}"
EndProject
Project("{FAE04EC0-301F-11D3-BF4B-00C04F79EFBC}") = "CatApi.Application", "CatApi.Application\CatApi.Application.csproj", "{EE1C2762-B64A-4F31-8711-61A86831AC65}"
EndProject
Project("{FAE04EC0-301F-11D3-BF4B-00C04F79EFBC}") = "CatApi.Domain", "CatApi.Domain\CatApi.Domain.csproj", "{431811CA-583C-4A67-9C3E-0176E686F956}"
EndProject
Project("{FAE04EC0-301F-11D3-BF4B-00C04F79EFBC}") = "CatApi.Infrastructure", "CatApi.Infrastructure\CatApi.Infrastructure.csproj", "{4FC09DA4-AE4D-480C-8E03-47D7DB746097}"
EndProject
Project("{FAE04EC0-301F-11D3-BF4B-00C04F79EFBC}") = "CatApi.Tests", "CatApi.Tests\CatApi.Tests.csproj", "{640898D6-9AAD-452F-9B65-A2BDF204A944}"
EndProject
Global
	GlobalSection(SolutionConfigurationPlatforms) = preSolution
		Debug|Any CPU = Debug|Any CPU
		Debug|x64 = Debug|x64
		Debug|x86 = Debug|x86
		Release|Any CPU = Release|Any CPU
		Release|x64 = Release|x64
		Release|x86 = Release|x86
	EndGlobalSection
	GlobalSection(ProjectConfigurationPlatforms) = postSolution
		{B9ED6E24-535C-4CE1-AA8C-C71CAAD712C0}.Debug|Any CPU.ActiveCfg = Debug|Any CPU
		{B9ED6E24-535C-4CE1-AA8C-C71CAAD712C0}.Debug|Any CPU.Build.0 = Debug|Any CPU
		{B9ED6E24-535C-4CE1-AA8C-C71CAAD712C0}.Debug|x64.ActiveCfg = Debug|Any CPU
		{B9ED6E24-535C-4CE1-AA8C-C71CAAD712C0}.Debug|x64.Build.0 = Debug|Any CPU
		{B9ED6E24-535C-4CE1-AA8C-C71CAAD712C0}.Debug|x86.ActiveCfg = Debug|Any CPU
		{B9ED6E24-535C-4CE1-AA8C-C71CAAD712C0}.Debug|x86.Build.0 = Debug|Any CPU
		{B9ED6E24-535C-4CE1-AA8C-C71CAAD712C0}.Release|Any CPU.ActiveCfg = Release|Any CPU
		{B9ED6E24-535C-4CE1-AA8C-C71CAAD712C0}.Release|Any CPU.Build.0 = Release|Any CPU
		{B9ED6E24-535C-4CE1-AA8C-C71CAAD712C0}.Release|x64.ActiveCfg = Release|Any CPU
		{B9ED6E24-535C-4CE1-AA8C-C71CAAD712C0}.Release|x64.Build.0 = Release|Any CPU
		{B9ED6E24-535C-4CE1-AA8C-C71CAAD712C0}.Release|x86.ActiveCfg = Release|Any CPU
		{B9ED6E24-535C-4CE1-AA8C-C71CAAD712C0}.Release|x86.Build.0 = Release|Any CPU
		{EE1C2762-B64A-4F31-8711-61A86831AC65}.Debug|Any CPU.ActiveCfg = Debug|Any CPU
		{EE1C2762-B64A-4F31-8711-61A86831AC65}.Debug|Any CPU.Build.0 = Debug|Any CPU
		{EE1C2762-B64A-4F31-8711-61A86831AC65}.Debug|x64.ActiveCfg = Debug|Any CPU
		{EE1C2762-B64A-4F31-8711-61A86831AC65}.Debug|x64.Build.0 = Debug|Any CPU
		{EE1C2762-B64A-4F31-8711-61A86831AC65}.Debug|x86.ActiveCfg = Debug|Any CPU
		{EE1C2762-B64A-4F31-8711-61A86831AC65}.Debug|x86.Build.0 = Debug|Any CPU
		{EE1C2762-B64A-4F31-8711-61A86831AC65}.Release|Any CPU.ActiveCfg = Release|Any CPU
		{EE1C2762-B64A-4F31-8711-61A86831AC65}.Release|Any CPU.Build.0 = Release|Any CPU
		{EE1C2762-B64A-4F31-8711-61A86831AC65}.Release|x64.ActiveCfg = Release|Any CPU
		{EE1C2762-B64A-4F31-8711-61A86831AC65}.Release|x64.Build.0 = Release|Any CPU
		{EE1C2762-B64A-4F31-8711-61A86831AC65}.Release|x86.ActiveCfg = Release|Any CPU
		{EE1C2762-B64A-4F31-8711-61A86831AC65}.Release|x86.Build.0 = Release|Any CPU
		{431811CA-583C-4A67-9C3E-0176E686F956}.Debug|Any CPU.ActiveCfg = Debug|Any CPU
		{431811CA-583C-4A67-9C3E-0176E686F956}.Debug|Any CPU.Build.0 = Debug|Any CPU
		{431811CA-583C-4A67-9C3E-0176E686F956}.Debug|x64.ActiveCfg = Debug|Any CPU
		{431811CA-583C-4A67-9C3E-0176E686F956}.Debug|x64.Build.0 = Debug|Any CPU
		{431811CA-583C-4A67-9C3E-0176E686F956}.Debug|x86.ActiveCfg = Debug|Any CPU
		{431811CA-583C-4A67-9C3E-0176E686F956}.Debug|x86.Build.0 = Debug|Any CPU
		{431811CA-583C-4A67-9C3E-0176E686F956}.Release|Any CPU.ActiveCfg = Release|Any CPU
		{431811CA-583C-4A67-9C3E-0176E686F956}.Release|Any CPU.Build.0 = Release|Any CPU
		{431811CA-583C-4A67-9C3E-0176E686F956}.Release|x64.ActiveCfg = Release|Any CPU
		{431811CA-583C-4A67-9C3E-0176E686F956}.Release|x64.Build.0 = Release|Any CPU
		{431811CA-583C-4A67-9C3E-0176E686F956}.Release|x86.ActiveCfg = Release|Any CPU
		{431811CA-583C-4A67-9C3E-0176E686F956}.Release|x86.Build.0 = Release|Any CPU
		{4FC09DA4-AE4D-480C-8E03-47D7DB746097}.Debug|Any CPU.ActiveCfg = Debug|Any CPU
		{4FC09DA4-AE4D-480C-8E03-47D7DB746097}.Debug|Any CPU.Build.0 = Debug|Any CPU
		{4FC09DA4-AE4D-480C-8E03-47D7DB746097}.Debug|x64.ActiveCfg = Debug|Any CPU
		{4FC09DA4-AE4D-480C-8E03-47D7DB746097}.Debug|x64.Build.0 = Debug|Any CPU
		{4FC09DA4-AE4D-480C-8E03-47D7DB746097}.Debug|x86.ActiveCfg = Debug|Any CPU
		{4FC09DA4-AE4D-480C-8E03-47D7DB746097}.Debug|x86.Build.0 = Debug|Any CPU
		{4FC09DA4-AE4D-480C-8E03-47D7DB746097}.Release|Any CPU.ActiveCfg = Release|Any CPU
		{4FC09DA4-AE4D-480C-8E03-47D7DB746097}.Release|Any CPU.Build.0 = Release|Any CPU
		{4FC09DA4-AE4D-480C-8E03-47D7DB746097}.Release|x64.ActiveCfg = Release|Any CPU
		{4FC09DA4-AE4D-480C-8E03-47D7DB746097}.Release|x64.Build.0 = Release|Any CPU
		{4FC09DA4-AE4D-480C-8E03-47D7DB746097}.Release|x86.ActiveCfg = Release|Any CPU
		{4FC09DA4-AE4D-480C-8E03-47D7DB746097}.Release|x86.Build.0 = Release|Any CPU
		{640898D6-9AAD-452F-9B65-A2BDF204A944}.Debug|Any CPU.ActiveCfg = Debug|Any CPU
		{640898D6-9AAD-452F-9B65-A2BDF204A944}.Debug|Any CPU.Build.0 = Debug|Any CPU
		{640898D6-9AAD-452F-9B65-A2BDF204A944}.Debug|x64.ActiveCfg = Debug|Any CPU
		{640898D6-9AAD-452F-9B65-A2BDF204A944}.Debug|x64.Build.0 = Debug|Any CPU
		{640898D6-9AAD-452F-9B65-A2BDF204A944}.Debug|x86.ActiveCfg = Debug|Any CPU
		{640898D6-9AAD-452F-9B65-A2BDF204A944}.Debug|x86.Build.0 = Debug|Any CPU
		{640898D6-9AAD-452F-9B65-A2BDF204A944}.Release|Any CPU.ActiveCfg = Release|Any CPU
		{640898D6-9AAD-452F-9B65-A2BDF204A944}.Release|Any CPU.Build.0 = Release|Any CPU
		{640898D6-9AAD-452F-9B65-A2BDF204A944}.Release|x64.ActiveCfg = Release|Any CPU
		{640898D6-9AAD-452F-9B65-A2BDF204A944}.Release|x64.Build.0 = Release|Any CPU
		{640898D6-9AAD-452F-9B65-A2BDF204A944}.Release|x86.ActiveCfg = Release|Any CPU
		{640898D6-9AAD-452F-9B65-A2BDF204A944}.Release|x86.Build.0 = Release|Any CPU
	EndGlobalSection
	GlobalSection(SolutionProperties) = preSolution
		HideSolutionNode = FALSE
	EndGlobalSection
EndGlobal
